
Microsoft Visual Studio Solution File, Format Version 12.00
# Visual Studio Version 16
VisualStudioVersion = 16.0.30225.117
MinimumVisualStudioVersion = 10.0.40219.1
Project("{8BC9CEB8-8B4A-11D0-8D11-00A0C91BC942}") = "CUDA-vidDupeFinder", "CUDA-vidDupeFinder\CUDA-vidDupeFinder.vcxproj", "{32804EA6-848A-483A-B1FD-50ADC08981BE}"
EndProject
Global
	GlobalSection(SolutionConfigurationPlatforms) = preSolution
		Debug|x64 = Debug|x64
		Release|x64 = Release|x64
	EndGlobalSection
	GlobalSection(ProjectConfigurationPlatforms) = postSolution
		{32804EA6-848A-483A-B1FD-50ADC08981BE}.Debug|x64.ActiveCfg = Debug|x64
		{32804EA6-848A-483A-B1FD-50ADC08981BE}.Debug|x64.Build.0 = Debug|x64
		{32804EA6-848A-483A-B1FD-50ADC08981BE}.Release|x64.ActiveCfg = Release|x64
		{32804EA6-848A-483A-B1FD-50ADC08981BE}.Release|x64.Build.0 = Release|x64
	EndGlobalSection
	GlobalSection(SolutionProperties) = preSolution
		HideSolutionNode = FALSE
	EndGlobalSection
	GlobalSection(ExtensibilityGlobals) = postSolution
		SolutionGuid = {7052290E-7A4A-4178-BE3B-4AE51841CCAD}
	EndGlobalSection
EndGlobal
